// !$*UTF8*$!
{
	archiveVersion = 1;
	classes = {
	};
	objectVersion = 46;
	objects = {

/* Begin PBXBuildFile section */
		8E75E6D61F1A15DA00B1BD95 /* UIButton+XXSwapPlace.m in Sources */ = {isa = PBXBuildFile; fileRef = 8E75E6D51F1A15DA00B1BD95 /* UIButton+XXSwapPlace.m */; };
		8E75E6DD1F1A1DD700B1BD95 /* UIViewController+XXShowCameraSheet.m in Sources */ = {isa = PBXBuildFile; fileRef = 8E75E6DC1F1A1DD700B1BD95 /* UIViewController+XXShowCameraSheet.m */; };
		8EFCD5261F1775D1001086B6 /* main.m in Sources */ = {isa = PBXBuildFile; fileRef = 8EFCD5251F1775D1001086B6 /* main.m */; };
		8EFCD5291F1775D1001086B6 /* AppDelegate.m in Sources */ = {isa = PBXBuildFile; fileRef = 8EFCD5281F1775D1001086B6 /* AppDelegate.m */; };
		8EFCD52C1F1775D1001086B6 /* ViewController.m in Sources */ = {isa = PBXBuildFile; fileRef = 8EFCD52B1F1775D1001086B6 /* ViewController.m */; };
		8EFCD52F1F1775D1001086B6 /* Main.storyboard in Resources */ = {isa = PBXBuildFile; fileRef = 8EFCD52D1F1775D1001086B6 /* Main.storyboard */; };
		8EFCD5311F1775D1001086B6 /* Assets.xcassets in Resources */ = {isa = PBXBuildFile; fileRef = 8EFCD5301F1775D1001086B6 /* Assets.xcassets */; };
		8EFCD5341F1775D1001086B6 /* LaunchScreen.storyboard in Resources */ = {isa = PBXBuildFile; fileRef = 8EFCD5321F1775D1001086B6 /* LaunchScreen.storyboard */; };
		8EFCD53F1F1778DF001086B6 /* UIImage+Color.m in Sources */ = {isa = PBXBuildFile; fileRef = 8EFCD53E1F1778DF001086B6 /* UIImage+Color.m */; };
/* End PBXBuildFile section */

/* Begin PBXFileReference section */
		8E75E6D41F1A15DA00B1BD95 /* UIButton+XXSwapPlace.h */ = {isa = PBXFileReference; fileEncoding = 4; lastKnownFileType = sourcecode.c.h; path = "UIButton+XXSwapPlace.h"; sourceTree = "<group>"; };
		8E75E6D51F1A15DA00B1BD95 /* UIButton+XXSwapPlace.m */ = {isa = PBXFileReference; fileEncoding = 4; lastKnownFileType = sourcecode.c.objc; path = "UIButton+XXSwapPlace.m"; sourceTree = "<group>"; };
		8E75E6DB1F1A1DD700B1BD95 /* UIViewController+XXShowCameraSheet.h */ = {isa = PBXFileReference; fileEncoding = 4; lastKnownFileType = sourcecode.c.h; path = "UIViewController+XXShowCameraSheet.h"; sourceTree = "<group>"; };
		8E75E6DC1F1A1DD700B1BD95 /* UIViewController+XXShowCameraSheet.m */ = {isa = PBXFileReference; fileEncoding = 4; lastKnownFileType = sourcecode.c.objc; path = "UIViewController+XXShowCameraSheet.m"; sourceTree = "<group>"; };
		8EFCD5211F1775D1001086B6 /* XXCategory.app */ = {isa = PBXFileReference; explicitFileType = wrapper.application; includeInIndex = 0; path = XXCategory.app; sourceTree = BUILT_PRODUCTS_DIR; };
		8EFCD5251F1775D1001086B6 /* main.m */ = {isa = PBXFileReference; lastKnownFileType = sourcecode.c.objc; path = main.m; sourceTree = "<group>"; };
		8EFCD5271F1775D1001086B6 /* AppDelegate.h */ = {isa = PBXFileReference; lastKnownFileType = sourcecode.c.h; path = AppDelegate.h; sourceTree = "<group>"; };
		8EFCD5281F1775D1001086B6 /* AppDelegate.m */ = {isa = PBXFileReference; lastKnownFileType = sourcecode.c.objc; path = AppDelegate.m; sourceTree = "<group>"; };
		8EFCD52A1F1775D1001086B6 /* ViewController.h */ = {isa = PBXFileReference; lastKnownFileType = sourcecode.c.h; path = ViewController.h; sourceTree = "<group>"; };
		8EFCD52B1F1775D1001086B6 /* ViewController.m */ = {isa = PBXFileReference; lastKnownFileType = sourcecode.c.objc; path = ViewController.m; sourceTree = "<group>"; };
		8EFCD52E1F1775D1001086B6 /* Base */ = {isa = PBXFileReference; lastKnownFileType = file.storyboard; name = Base; path = Base.lproj/Main.storyboard; sourceTree = "<group>"; };
		8EFCD5301F1775D1001086B6 /* Assets.xcassets */ = {isa = PBXFileReference; lastKnownFileType = folder.assetcatalog; path = Assets.xcassets; sourceTree = "<group>"; };
		8EFCD5331F1775D1001086B6 /* Base */ = {isa = PBXFileReference; lastKnownFileType = file.storyboard; name = Base; path = Base.lproj/LaunchScreen.storyboard; sourceTree = "<group>"; };
		8EFCD5351F1775D1001086B6 /* Info.plist */ = {isa = PBXFileReference; lastKnownFileType = text.plist.xml; path = Info.plist; sourceTree = "<group>"; };
		8EFCD53D1F1778DF001086B6 /* UIImage+Color.h */ = {isa = PBXFileReference; fileEncoding = 4; lastKnownFileType = sourcecode.c.h; path = "UIImage+Color.h"; sourceTree = "<group>"; };
		8EFCD53E1F1778DF001086B6 /* UIImage+Color.m */ = {isa = PBXFileReference; fileEncoding = 4; lastKnownFileType = sourcecode.c.objc; path = "UIImage+Color.m"; sourceTree = "<group>"; };
/* End PBXFileReference section */

/* Begin PBXFrameworksBuildPhase section */
		8EFCD51E1F1775D1001086B6 /* Frameworks */ = {
			isa = PBXFrameworksBuildPhase;
			buildActionMask = 2147483647;
			files = (
			);
			runOnlyForDeploymentPostprocessing = 0;
		};
/* End PBXFrameworksBuildPhase section */

/* Begin PBXGroup section */
		8E75E6D01F1A144800B1BD95 /* UIButton */ = {
			isa = PBXGroup;
			children = (
				8E75E6D41F1A15DA00B1BD95 /* UIButton+XXSwapPlace.h */,
				8E75E6D51F1A15DA00B1BD95 /* UIButton+XXSwapPlace.m */,
			);
			path = UIButton;
			sourceTree = "<group>";
		};
		8E75E6D71F1A1D2700B1BD95 /* UIViewController */ = {
			isa = PBXGroup;
			children = (
				8E75E6DB1F1A1DD700B1BD95 /* UIViewController+XXShowCameraSheet.h */,
				8E75E6DC1F1A1DD700B1BD95 /* UIViewController+XXShowCameraSheet.m */,
			);
			path = UIViewController;
			sourceTree = "<group>";
		};
		8EFCD5181F1775D1001086B6 = {
			isa = PBXGroup;
			children = (
				8EFCD5231F1775D1001086B6 /* XXCategory */,
				8EFCD5221F1775D1001086B6 /* Products */,
			);
			sourceTree = "<group>";
		};
		8EFCD5221F1775D1001086B6 /* Products */ = {
			isa = PBXGroup;
			children = (
				8EFCD5211F1775D1001086B6 /* XXCategory.app */,
			);
			name = Products;
			sourceTree = "<group>";
		};
		8EFCD5231F1775D1001086B6 /* XXCategory */ = {
			isa = PBXGroup;
			children = (
				8EFCD53B1F1778AB001086B6 /* Source */,
				8EFCD5271F1775D1001086B6 /* AppDelegate.h */,
				8EFCD5281F1775D1001086B6 /* AppDelegate.m */,
				8EFCD52A1F1775D1001086B6 /* ViewController.h */,
				8EFCD52B1F1775D1001086B6 /* ViewController.m */,
				8EFCD52D1F1775D1001086B6 /* Main.storyboard */,
				8EFCD5301F1775D1001086B6 /* Assets.xcassets */,
				8EFCD5321F1775D1001086B6 /* LaunchScreen.storyboard */,
				8EFCD5351F1775D1001086B6 /* Info.plist */,
				8EFCD5241F1775D1001086B6 /* Supporting Files */,
			);
			path = XXCategory;
			sourceTree = "<group>";
		};
		8EFCD5241F1775D1001086B6 /* Supporting Files */ = {
			isa = PBXGroup;
			children = (
				8EFCD5251F1775D1001086B6 /* main.m */,
			);
			name = "Supporting Files";
			sourceTree = "<group>";
		};
		8EFCD53B1F1778AB001086B6 /* Source */ = {
			isa = PBXGroup;
			children = (
				8E75E6D71F1A1D2700B1BD95 /* UIViewController */,
				8E75E6D01F1A144800B1BD95 /* UIButton */,
				8EFCD53C1F1778AB001086B6 /* UIImage */,
			);
			path = Source;
			sourceTree = "<group>";
		};
		8EFCD53C1F1778AB001086B6 /* UIImage */ = {
			isa = PBXGroup;
			children = (
				8EFCD53D1F1778DF001086B6 /* UIImage+Color.h */,
				8EFCD53E1F1778DF001086B6 /* UIImage+Color.m */,
			);
			path = UIImage;
			sourceTree = "<group>";
		};
/* End PBXGroup section */

/* Begin PBXNativeTarget section */
		8EFCD5201F1775D1001086B6 /* XXCategory */ = {
			isa = PBXNativeTarget;
			buildConfigurationList = 8EFCD5381F1775D1001086B6 /* Build configuration list for PBXNativeTarget "XXCategory" */;
			buildPhases = (
				8EFCD51D1F1775D1001086B6 /* Sources */,
				8EFCD51E1F1775D1001086B6 /* Frameworks */,
				8EFCD51F1F1775D1001086B6 /* Resources */,
			);
			buildRules = (
			);
			dependencies = (
			);
			name = XXCategory;
			productName = XXCategory;
			productReference = 8EFCD5211F1775D1001086B6 /* XXCategory.app */;
			productType = "com.apple.product-type.application";
		};
/* End PBXNativeTarget section */

/* Begin PBXProject section */
		8EFCD5191F1775D1001086B6 /* Project object */ = {
			isa = PBXProject;
			attributes = {
				LastUpgradeCheck = 0820;
				ORGANIZATIONNAME = xx;
				TargetAttributes = {
					8EFCD5201F1775D1001086B6 = {
						CreatedOnToolsVersion = 8.2.1;
						DevelopmentTeam = 68SA3JHC33;
						ProvisioningStyle = Automatic;
					};
				};
			};
			buildConfigurationList = 8EFCD51C1F1775D1001086B6 /* Build configuration list for PBXProject "XXCategory" */;
			compatibilityVersion = "Xcode 3.2";
			developmentRegion = English;
			hasScannedForEncodings = 0;
			knownRegions = (
				en,
				Base,
			);
			mainGroup = 8EFCD5181F1775D1001086B6;
			productRefGroup = 8EFCD5221F1775D1001086B6 /* Products */;
			projectDirPath = "";
			projectRoot = "";
			targets = (
				8EFCD5201F1775D1001086B6 /* XXCategory */,
			);
		};
/* End PBXProject section */

/* Begin PBXResourcesBuildPhase section */
		8EFCD51F1F1775D1001086B6 /* Resources */ = {
			isa = PBXResourcesBuildPhase;
			buildActionMask = 2147483647;
			files = (
				8EFCD5341F1775D1001086B6 /* LaunchScreen.storyboard in Resources */,
				8EFCD5311F1775D1001086B6 /* Assets.xcassets in Resources */,
				8EFCD52F1F1775D1001086B6 /* Main.storyboard in Resources */,
			);
			runOnlyForDeploymentPostprocessing = 0;
		};
/* End PBXResourcesBuildPhase section */

/* Begin PBXSourcesBuildPhase section */
		8EFCD51D1F1775D1001086B6 /* Sources */ = {
			isa = PBXSourcesBuildPhase;
			buildActionMask = 2147483647;
			files = (
				8EFCD52C1F1775D1001086B6 /* ViewController.m in Sources */,
				8EFCD53F1F1778DF001086B6 /* UIImage+Color.m in Sources */,
				8EFCD5291F1775D1001086B6 /* AppDelegate.m in Sources */,
				8E75E6D61F1A15DA00B1BD95 /* UIButton+XXSwapPlace.m in Sources */,
				8E75E6DD1F1A1DD700B1BD95 /* UIViewController+XXShowCameraSheet.m in Sources */,
				8EFCD5261F1775D1001086B6 /* main.m in Sources */,
			);
			runOnlyForDeploymentPostprocessing = 0;
		};
/* End PBXSourcesBuildPhase section */

/* Begin PBXVariantGroup section */
		8EFCD52D1F1775D1001086B6 /* Main.storyboard */ = {
			isa = PBXVariantGroup;
			children = (
				8EFCD52E1F1775D1001086B6 /* Base */,
			);
			name = Main.storyboard;
			sourceTree = "<group>";
		};
		8EFCD5321F1775D1001086B6 /* LaunchScreen.storyboard */ = {
			isa = PBXVariantGroup;
			children = (
				8EFCD5331F1775D1001086B6 /* Base */,
			);
			name = LaunchScreen.storyboard;
			sourceTree = "<group>";
		};
/* End PBXVariantGroup section */

/* Begin XCBuildConfiguration section */
		8EFCD5361F1775D1001086B6 /* Debug */ = {
			isa = XCBuildConfiguration;
			buildSettings = {
				ALWAYS_SEARCH_USER_PATHS = NO;
				CLANG_ANALYZER_NONNULL = YES;
				CLANG_CXX_LANGUAGE_STANDARD = "gnu++0x";
				CLANG_CXX_LIBRARY = "libc++";
				CLANG_ENABLE_MODULES = YES;
				CLANG_ENABLE_OBJC_ARC = YES;
				CLANG_WARN_BOOL_CONVERSION = YES;
				CLANG_WARN_CONSTANT_CONVERSION = YES;
				CLANG_WARN_DIRECT_OBJC_ISA_USAGE = YES_ERROR;
				CLANG_WARN_DOCUMENTATION_COMMENTS = YES;
				CLANG_WARN_EMPTY_BODY = YES;
				CLANG_WARN_ENUM_CONVERSION = YES;
				CLANG_WARN_INFINITE_RECURSION = YES;
				CLANG_WARN_INT_CONVERSION = YES;
				CLANG_WARN_OBJC_ROOT_CLASS = YES_ERROR;
				CLANG_WARN_SUSPICIOUS_MOVE = YES;
				CLANG_WARN_UNREACHABLE_CODE = YES;
				CLANG_WARN__DUPLICATE_METHOD_MATCH = YES;
				"CODE_SIGN_IDENTITY[sdk=iphoneos*]" = "iPhone Developer";
				COPY_PHASE_STRIP = NO;
				DEBUG_INFORMATION_FORMAT = dwarf;
				ENABLE_STRICT_OBJC_MSGSEND = YES;
				ENABLE_TESTABILITY = YES;
				GCC_C_LANGUAGE_STANDARD = gnu99;
				GCC_DYNAMIC_NO_PIC = NO;
				GCC_NO_COMMON_BLOCKS = YES;
				GCC_OPTIMIZATION_LEVEL = 0;
				GCC_PREPROCESSOR_DEFINITIONS = (
					"DEBUG=1",
					"$(inherited)",
				);
				GCC_WARN_64_TO_32_BIT_CONVERSION = YES;
				GCC_WARN_ABOUT_RETURN_TYPE = YES_ERROR;
				GCC_WARN_UNDECLARED_SELECTOR = YES;
				GCC_WARN_UNINITIALIZED_AUTOS = YES_AGGRESSIVE;
				GCC_WARN_UNUSED_FUNCTION = YES;
				GCC_WARN_UNUSED_VARIABLE = YES;
				IPHONEOS_DEPLOYMENT_TARGET = 10.2;
				MTL_ENABLE_DEBUG_INFO = YES;
				ONLY_ACTIVE_ARCH = YES;
				SDKROOT = iphoneos;
				TARGETED_DEVICE_FAMILY = "1,2";
			};
			name = Debug;
		};
		8EFCD5371F1775D1001086B6 /* Release */ = {
			isa = XCBuildConfiguration;
			buildSettings = {
				ALWAYS_SEARCH_USER_PATHS = NO;
				CLANG_ANALYZER_NONNULL = YES;
				CLANG_CXX_LANGUAGE_STANDARD = "gnu++0x";
				CLANG_CXX_LIBRARY = "libc++";
				CLANG_ENABLE_MODULES = YES;
				CLANG_ENABLE_OBJC_ARC = YES;
				CLANG_WARN_BOOL_CONVERSION = YES;
				CLANG_WARN_CONSTANT_CONVERSION = YES;
				CLANG_WARN_DIRECT_OBJC_ISA_USAGE = YES_ERROR;
				CLANG_WARN_DOCUMENTATION_COMMENTS = YES;
				CLANG_WARN_EMPTY_BODY = YES;
				CLANG_WARN_ENUM_CONVERSION = YES;
				CLANG_WARN_INFINITE_RECURSION = YES;
				CLANG_WARN_INT_CONVERSION = YES;
				CLANG_WARN_OBJC_ROOT_CLASS = YES_ERROR;
				CLANG_WARN_SUSPICIOUS_MOVE = YES;
				CLANG_WARN_UNREACHABLE_CODE = YES;
				CLANG_WARN__DUPLICATE_METHOD_MATCH = YES;
				"CODE_SIGN_IDENTITY[sdk=iphoneos*]" = "iPhone Developer";
				COPY_PHASE_STRIP = NO;
				DEBUG_INFORMATION_FORMAT = "dwarf-with-dsym";
				ENABLE_NS_ASSERTIONS = NO;
				ENABLE_STRICT_OBJC_MSGSEND = YES;
				GCC_C_LANGUAGE_STANDARD = gnu99;
				GCC_NO_COMMON_BLOCKS = YES;
				GCC_WARN_64_TO_32_BIT_CONVERSION = YES;
				GCC_WARN_ABOUT_RETURN_TYPE = YES_ERROR;
				GCC_WARN_UNDECLARED_SELECTOR = YES;
				GCC_WARN_UNINITIALIZED_AUTOS = YES_AGGRESSIVE;
				GCC_WARN_UNUSED_FUNCTION = YES;
				GCC_WARN_UNUSED_VARIABLE = YES;
				IPHONEOS_DEPLOYMENT_TARGET = 10.2;
				MTL_ENABLE_DEBUG_INFO = NO;
				SDKROOT = iphoneos;
				TARGETED_DEVICE_FAMILY = "1,2";
				VALIDATE_PRODUCT = YES;
			};
			name = Release;
		};
		8EFCD5391F1775D1001086B6 /* Debug */ = {
			isa = XCBuildConfiguration;
			buildSettings = {
				ASSETCATALOG_COMPILER_APPICON_NAME = AppIcon;
				DEVELOPMENT_TEAM = 68SA3JHC33;
				INFOPLIST_FILE = XXCategory/Info.plist;
				LD_RUNPATH_SEARCH_PATHS = "$(inherited) @executable_path/Frameworks";
				PRODUCT_BUNDLE_IDENTIFIER = cn.xx.XXCategory;
				PRODUCT_NAME = "$(TARGET_NAME)";
			};
			name = Debug;
		};
		8EFCD53A1F1775D1001086B6 /* Release */ = {
			isa = XCBuildConfiguration;
			buildSettings = {
				ASSETCATALOG_COMPILER_APPICON_NAME = AppIcon;
				DEVELOPMENT_TEAM = 68SA3JHC33;
				INFOPLIST_FILE = XXCategory/Info.plist;
				LD_RUNPATH_SEARCH_PATHS = "$(inherited) @executable_path/Frameworks";
				PRODUCT_BUNDLE_IDENTIFIER = cn.xx.XXCategory;
				PRODUCT_NAME = "$(TARGET_NAME)";
			};
			name = Release;
		};
/* End XCBuildConfiguration section */

/* Begin XCConfigurationList section */
		8EFCD51C1F1775D1001086B6 /* Build configuration list for PBXProject "XXCategory" */ = {
			isa = XCConfigurationList;
			buildConfigurations = (
				8EFCD5361F1775D1001086B6 /* Debug */,
				8EFCD5371F1775D1001086B6 /* Release */,
			);
			defaultConfigurationIsVisible = 0;
			defaultConfigurationName = Release;
		};
		8EFCD5381F1775D1001086B6 /* Build configuration list for PBXNativeTarget "XXCategory" */ = {
			isa = XCConfigurationList;
			buildConfigurations = (
				8EFCD5391F1775D1001086B6 /* Debug */,
				8EFCD53A1F1775D1001086B6 /* Release */,
			);
			defaultConfigurationIsVisible = 0;
			defaultConfigurationName = Release;
		};
/* End XCConfigurationList section */
	};
	rootObject = 8EFCD5191F1775D1001086B6 /* Project object */;
}
